
Microsoft Visual Studio Solution File, Format Version 12.00
# Visual Studio Version 17
VisualStudioVersion = 17.13.35806.99
MinimumVisualStudioVersion = 10.0.40219.1
Project("{FAE04EC0-301F-11D3-BF4B-00C04F79EFBC}") = "Outlook.Wpf", "Outlook.Wpf\Outlook.Wpf.csproj", "{A30DDFE9-4CCC-4D3B-A8C7-5AF0B2B6DAD4}"
EndProject
Project("{FAE04EC0-301F-11D3-BF4B-00C04F79EFBC}") = "Outlook.Modules.Mail", "Modules\Outlook.Modules.Mail\Outlook.Modules.Mail.csproj", "{D2FFB85B-34BD-4149-B91E-6C0ABBDCA144}"
EndProject
Project("{FAE04EC0-301F-11D3-BF4B-00C04F79EFBC}") = "Outlook.Modules.Contacts", "Modules\Outlook.Modules.Contacts\Outlook.Modules.Contacts.csproj", "{B08A7482-B25C-4D2E-A2B4-302C4E249599}"
EndProject
Project("{FAE04EC0-301F-11D3-BF4B-00C04F79EFBC}") = "Outlook.Core", "Outlook.Core\Outlook.Core.csproj", "{5EF6B9BC-E328-45EA-9C19-A488EEE4E6CD}"
EndProject
Project("{FAE04EC0-301F-11D3-BF4B-00C04F79EFBC}") = "Outlook.Modules.Calendar", "Modules\Outlook.Modules.Calendar\Outlook.Modules.Calendar.csproj", "{0D41E494-48D8-4FD3-8F5C-BA86F2A6B329}"
EndProject
Project("{FAE04EC0-301F-11D3-BF4B-00C04F79EFBC}") = "Outlook.Business", "Outlook.Business\Outlook.Business.csproj", "{883E0D94-2860-4650-9BC0-C80DCE091AF1}"
EndProject
Global
	GlobalSection(SolutionConfigurationPlatforms) = preSolution
		Debug|Any CPU = Debug|Any CPU
		Release|Any CPU = Release|Any CPU
	EndGlobalSection
	GlobalSection(ProjectConfigurationPlatforms) = postSolution
		{A30DDFE9-4CCC-4D3B-A8C7-5AF0B2B6DAD4}.Debug|Any CPU.ActiveCfg = Debug|Any CPU
		{A30DDFE9-4CCC-4D3B-A8C7-5AF0B2B6DAD4}.Debug|Any CPU.Build.0 = Debug|Any CPU
		{A30DDFE9-4CCC-4D3B-A8C7-5AF0B2B6DAD4}.Release|Any CPU.ActiveCfg = Release|Any CPU
		{A30DDFE9-4CCC-4D3B-A8C7-5AF0B2B6DAD4}.Release|Any CPU.Build.0 = Release|Any CPU
		{D2FFB85B-34BD-4149-B91E-6C0ABBDCA144}.Debug|Any CPU.ActiveCfg = Debug|Any CPU
		{D2FFB85B-34BD-4149-B91E-6C0ABBDCA144}.Debug|Any CPU.Build.0 = Debug|Any CPU
		{D2FFB85B-34BD-4149-B91E-6C0ABBDCA144}.Release|Any CPU.ActiveCfg = Release|Any CPU
		{D2FFB85B-34BD-4149-B91E-6C0ABBDCA144}.Release|Any CPU.Build.0 = Release|Any CPU
		{B08A7482-B25C-4D2E-A2B4-302C4E249599}.Debug|Any CPU.ActiveCfg = Debug|Any CPU
		{B08A7482-B25C-4D2E-A2B4-302C4E249599}.Debug|Any CPU.Build.0 = Debug|Any CPU
		{B08A7482-B25C-4D2E-A2B4-302C4E249599}.Release|Any CPU.ActiveCfg = Release|Any CPU
		{B08A7482-B25C-4D2E-A2B4-302C4E249599}.Release|Any CPU.Build.0 = Release|Any CPU
		{5EF6B9BC-E328-45EA-9C19-A488EEE4E6CD}.Debug|Any CPU.ActiveCfg = Debug|Any CPU
		{5EF6B9BC-E328-45EA-9C19-A488EEE4E6CD}.Debug|Any CPU.Build.0 = Debug|Any CPU
		{5EF6B9BC-E328-45EA-9C19-A488EEE4E6CD}.Release|Any CPU.ActiveCfg = Release|Any CPU
		{5EF6B9BC-E328-45EA-9C19-A488EEE4E6CD}.Release|Any CPU.Build.0 = Release|Any CPU
		{0D41E494-48D8-4FD3-8F5C-BA86F2A6B329}.Debug|Any CPU.ActiveCfg = Debug|Any CPU
		{0D41E494-48D8-4FD3-8F5C-BA86F2A6B329}.Debug|Any CPU.Build.0 = Debug|Any CPU
		{0D41E494-48D8-4FD3-8F5C-BA86F2A6B329}.Release|Any CPU.ActiveCfg = Release|Any CPU
		{0D41E494-48D8-4FD3-8F5C-BA86F2A6B329}.Release|Any CPU.Build.0 = Release|Any CPU
		{883E0D94-2860-4650-9BC0-C80DCE091AF1}.Debug|Any CPU.ActiveCfg = Debug|Any CPU
		{883E0D94-2860-4650-9BC0-C80DCE091AF1}.Debug|Any CPU.Build.0 = Debug|Any CPU
		{883E0D94-2860-4650-9BC0-C80DCE091AF1}.Release|Any CPU.ActiveCfg = Release|Any CPU
		{883E0D94-2860-4650-9BC0-C80DCE091AF1}.Release|Any CPU.Build.0 = Release|Any CPU
	EndGlobalSection
	GlobalSection(SolutionProperties) = preSolution
		HideSolutionNode = FALSE
	EndGlobalSection
	GlobalSection(ExtensibilityGlobals) = postSolution
		SolutionGuid = {0890F50E-84E7-488B-846E-E987CEE8AFB6}
	EndGlobalSection
EndGlobal
